
Microsoft Visual Studio Solution File, Format Version 12.00
# Visual Studio Version 16
VisualStudioVersion = 16.0.34601.136
MinimumVisualStudioVersion = 10.0.40219.1
Project("{FAE04EC0-301F-11D3-BF4B-00C04F79EFBC}") = "Capa GUI", "Capa GUI.csproj", "{D4D08C12-1E9A-4EC6-A7A6-2CFE74452EB1}"
EndProject
Global
	GlobalSection(SolutionConfigurationPlatforms) = preSolution
		Debug|Any CPU = Debug|Any CPU
		Release|Any CPU = Release|Any CPU
	EndGlobalSection
	GlobalSection(ProjectConfigurationPlatforms) = postSolution
		{D4D08C12-1E9A-4EC6-A7A6-2CFE74452EB1}.Debug|Any CPU.ActiveCfg = Debug|Any CPU
		{D4D08C12-1E9A-4EC6-A7A6-2CFE74452EB1}.Debug|Any CPU.Build.0 = Debug|Any CPU
		{D4D08C12-1E9A-4EC6-A7A6-2CFE74452EB1}.Release|Any CPU.ActiveCfg = Release|Any CPU
		{D4D08C12-1E9A-4EC6-A7A6-2CFE74452EB1}.Release|Any CPU.Build.0 = Release|Any CPU
	EndGlobalSection
	GlobalSection(SolutionProperties) = preSolution
		HideSolutionNode = FALSE
	EndGlobalSection
	GlobalSection(ExtensibilityGlobals) = postSolution
		SolutionGuid = {9C12DE84-029B-4CA2-808E-F3BA208E1473}
	EndGlobalSection
EndGlobal
